
Microsoft Visual Studio Solution File, Format Version 12.00
# Visual Studio Version 17
VisualStudioVersion = 17.9.34616.47
MinimumVisualStudioVersion = 10.0.40219.1
Project("{FAE04EC0-301F-11D3-BF4B-00C04F79EFBC}") = "WinFormsApp1", "WinFormsApp1\WinFormsApp1.csproj", "{F15DCFAD-F5EA-4378-B400-5E1EF547DDC3}"
EndProject
Global
	GlobalSection(SolutionConfigurationPlatforms) = preSolution
		Debug|Any CPU = Debug|Any CPU
		Release|Any CPU = Release|Any CPU
	EndGlobalSection
	GlobalSection(ProjectConfigurationPlatforms) = postSolution
		{F15DCFAD-F5EA-4378-B400-5E1EF547DDC3}.Debug|Any CPU.ActiveCfg = Debug|Any CPU
		{F15DCFAD-F5EA-4378-B400-5E1EF547DDC3}.Debug|Any CPU.Build.0 = Debug|Any CPU
		{F15DCFAD-F5EA-4378-B400-5E1EF547DDC3}.Release|Any CPU.ActiveCfg = Release|Any CPU
		{F15DCFAD-F5EA-4378-B400-5E1EF547DDC3}.Release|Any CPU.Build.0 = Release|Any CPU
	EndGlobalSection
	GlobalSection(SolutionProperties) = preSolution
		HideSolutionNode = FALSE
	EndGlobalSection
	GlobalSection(ExtensibilityGlobals) = postSolution
		SolutionGuid = {5641BB17-1E0D-466B-B7F3-17B006A06AD0}
	EndGlobalSection
EndGlobal
